{
  "name": "feasly",
  "version": "0.1.0",
  "lockfileVersion": 3,
  "requires": true,
  "packages": {
    "": {
      "name": "feasly",
      "version": "0.1.0",
      "workspaces": [
        "apps/*",
        "packages/*"
      ],
      "devDependencies": {
        "@types/node": "^26.6.2",
        "prettier": "^3.3.3",
        "typescript": "^5.6.3"
      },
      "engines": {
        "node": ">=20"
      }
    },
    "apps/api": {
      "name": "@feasly/api",
      "version": "0.1.0"
    },
    "apps/web": {
      "name": "@feasly/web",
      "version": "0.1.0"
    },
    "node_modules/@feasly/api": {
      "resolved": "apps/api",
      "link": true
    },
    "node_modules/@feasly/contracts": {
      "resolved": "packages/contracts",
      "link": true
    },
    "node_modules/@feasly/cost-engine": {
      "resolved": "packages/cost-engine",
      "link": true
    },
    "node_modules/@feasly/embed-loader": {
      "resolved": "packages/embed-loader",
      "link": true
    },
    "node_modules/@feasly/eslint-config": {
      "resolved": "packages/eslint-config",
      "link": true
    },
    "node_modules/@feasly/mcp": {
      "resolved": "packages/mcp",
      "link": true
    },
    "node_modules/@feasly/tsconfig": {
      "resolved": "packages/tsconfig",
      "link": true
    },
    "node_modules/@feasly/web": {
      "resolved": "apps/web",
      "link": true
    },
    "node_modules/@types/node": {
      "version": "26.6.2",
      "resolved": "https://registry.npmjs.org/@types/node/-/node-26.6.2.tgz",
      "integrity": "sha512-X1P21scMv4zGKLYqjdGjaKa7COa0RKVYYZZN/NfvLQ1JegxFhdhpZG/Lyn8AXx6CDUavKAd11v6BvfpkDByK8g==",
      "dev": true,
      "license": "MIT",
      "dependencies": {
        "undici-types": "~8.9.0"
      }
    },
    "node_modules/prettier": {
      "version": "3.9.9",
      "resolved": "https://registry.npmjs.org/prettier/-/prettier-3.9.9.tgz",
      "integrity": "sha512-Z/CJHIkdujO/OtN7nXUii0Rf3VT5SRuhjBA82Xvu2XhBUgX3nhP67T0LHceBdQLex7OOFGTox+Q5Yg8Jk2Qivg==",
      "dev": true,
      "license": "MIT",
      "bin": {
        "prettier": "bin/prettier.cjs"
      },
      "engines": {
        "node": ">=14"
      },
      "funding": {
        "url": "https://github.com/prettier/prettier?sponsor=1"
      }
    },
    "node_modules/typescript": {
      "version": "5.9.3",
      "resolved": "https://registry.npmjs.org/typescript/-/typescript-5.9.3.tgz",
      "integrity": "sha512-jl1vZzPDinLr9eUt3J/t7V6FgNEw9QjvBPdysz9KfQDD41fQrC2Y4vKQdiaUpFT4bXlb1RHhLpp8wtm6M5TgSw==",
      "dev": true,
      "license": "Apache-2.0",
      "bin": {
        "tsc": "bin/tsc",
        "tsserver": "bin/tsserver"
      },
      "engines": {
        "node": ">=14.17"
      }
    },
    "node_modules/undici-types": {
      "version": "8.9.0",
      "resolved": "https://registry.npmjs.org/undici-types/-/undici-types-8.9.0.tgz",
      "integrity": "sha512-KTDyRTYX8sWmKXAikPHHSyc63CRPETMctyjKFupcC6OBLXT3xsN0e9aF7m+mIXutFWpUXuedtowG7iLOzp0kQg==",
      "dev": true,
      "license": "MIT"
    },
    "packages/contracts": {
      "name": "@feasly/contracts",
      "version": "0.1.0"
    },
    "packages/cost-engine": {
      "name": "@feasly/cost-engine",
      "version": "0.1.0"
    },
    "packages/embed-loader": {
      "name": "@feasly/embed-loader",
      "version": "0.1.0"
    },
    "packages/eslint-config": {
      "name": "@feasly/eslint-config",
      "version": "0.1.0"
    },
    "packages/mcp": {
      "name": "@feasly/mcp",
      "version": "0.1.0"
    },
    "packages/tsconfig": {
      "name": "@feasly/tsconfig",
      "version": "0.1.0"
    }
  }
}
